
Microsoft Visual Studio Solution File, Format Version 12.00
# Visual Studio Version 17
VisualStudioVersion = 17.13.35919.96 d17.13
MinimumVisualStudioVersion = 10.0.40219.1
Project("{FAE04EC0-301F-11D3-BF4B-00C04F79EFBC}") = "MathGame.Maui", "MathGame.Maui\MathGame.Maui.csproj", "{62BC2BDB-8EED-48CA-8627-6E6308F5AAA4}"
EndProject
Global
	GlobalSection(SolutionConfigurationPlatforms) = preSolution
		Debug|Any CPU = Debug|Any CPU
		Release|Any CPU = Release|Any CPU
	EndGlobalSection
	GlobalSection(ProjectConfigurationPlatforms) = postSolution
		{62BC2BDB-8EED-48CA-8627-6E6308F5AAA4}.Debug|Any CPU.ActiveCfg = Debug|Any CPU
		{62BC2BDB-8EED-48CA-8627-6E6308F5AAA4}.Debug|Any CPU.Build.0 = Debug|Any CPU
		{62BC2BDB-8EED-48CA-8627-6E6308F5AAA4}.Debug|Any CPU.Deploy.0 = Debug|Any CPU
		{62BC2BDB-8EED-48CA-8627-6E6308F5AAA4}.Release|Any CPU.ActiveCfg = Release|Any CPU
		{62BC2BDB-8EED-48CA-8627-6E6308F5AAA4}.Release|Any CPU.Build.0 = Release|Any CPU
		{62BC2BDB-8EED-48CA-8627-6E6308F5AAA4}.Release|Any CPU.Deploy.0 = Release|Any CPU
	EndGlobalSection
	GlobalSection(SolutionProperties) = preSolution
		HideSolutionNode = FALSE
	EndGlobalSection
	GlobalSection(ExtensibilityGlobals) = postSolution
		SolutionGuid = {16751683-20D7-4E5B-8261-13F227B7BA53}
	EndGlobalSection
EndGlobal
